
Microsoft Visual Studio Solution File, Format Version 12.00
# Visual Studio 14
VisualStudioVersion = 14.0.25420.1
MinimumVisualStudioVersion = 10.0.40219.1
Project("{FAE04EC0-301F-11D3-BF4B-00C04F79EFBC}") = "SWScorpiaM15", "SWScorpiaM15\SWScorpiaM15.csproj", "{0632D72E-E30A-417A-8E9C-E31EF7EC3123}"
EndProject
Global
	GlobalSection(SolutionConfigurationPlatforms) = preSolution
		Debug|Any CPU = Debug|Any CPU
		Release|Any CPU = Release|Any CPU
	EndGlobalSection
	GlobalSection(ProjectConfigurationPlatforms) = postSolution
		{0632D72E-E30A-417A-8E9C-E31EF7EC3123}.Debug|Any CPU.ActiveCfg = Debug|Any CPU
		{0632D72E-E30A-417A-8E9C-E31EF7EC3123}.Debug|Any CPU.Build.0 = Debug|Any CPU
		{0632D72E-E30A-417A-8E9C-E31EF7EC3123}.Release|Any CPU.ActiveCfg = Release|Any CPU
		{0632D72E-E30A-417A-8E9C-E31EF7EC3123}.Release|Any CPU.Build.0 = Release|Any CPU
	EndGlobalSection
	GlobalSection(SolutionProperties) = preSolution
		HideSolutionNode = FALSE
	EndGlobalSection
EndGlobal
